<?xml version="1.0" encoding="utf-8"?>
<Project ToolsVersion="4.0" xmlns="http://schemas.microsoft.com/developer/msbuild/2003">
  <ItemGroup>
    <Filter Include="Source">
      <UniqueIdentifier>{4FC737F1-C7A5-4376-A066-2A32D752A2FF}</UniqueIdentifier>
      <Extensions>cpp;c;cc;cxx;def;odl;idl;hpj;bat;asm;asmx</Extensions>
    </Filter>
    <Filter Include="Source\Framework">
      <UniqueIdentifier>{68351922-ae0f-4a82-9082-ec8680a00949}</UniqueIdentifier>
    </Filter>
    <Filter Include="Source\Framework\OpenGL">
      <UniqueIdentifier>{fb8a95e6-4f64-46bb-868c-da0e6a47a878}</UniqueIdentifier>
    </Filter>
    <Filter Include="Source\Framework\OpenGL\Shader">
      <UniqueIdentifier>{6b2137c0-a733-4579-818b-7e1677c00405}</UniqueIdentifier>
    </Filter>
    <Filter Include="Source\Framework\States">
      <UniqueIdentifier>{d28df353-9800-4f00-8f79-e066da66b630}</UniqueIdentifier>
    </Filter>
    <Filter Include="Source\Utility">
      <UniqueIdentifier>{bb9dec47-4492-4b8f-84f9-9820493bc5a3}</UniqueIdentifier>
    </Filter>
    <Filter Include="Source\System">
      <UniqueIdentifier>{2da7375d-f7d6-4351-8a22-bb0525bb5c6a}</UniqueIdentifier>
    </Filter>
    <Filter Include="Resources / Dependencies">
      <UniqueIdentifier>{7a17b06a-854c-4477-b379-9aaff8c182d3}</UniqueIdentifier>
    </Filter>
    <Filter Include="Resources / Dependencies\data">
      <UniqueIdentifier>{9a41c254-6c23-4d67-8b61-f3f56772254d}</UniqueIdentifier>
    </Filter>
    <Filter Include="Resources / Dependencies\data\Shader">
      <UniqueIdentifier>{9485aa82-a830-4b41-9f91-e05b9a3d18dc}</UniqueIdentifier>
    </Filter>
    <Filter Include="Source\Framework\UI">
      <UniqueIdentifier>{05cb3fea-bf68-4226-adc5-6129fc0ae4bc}</UniqueIdentifier>
    </Filter>
    <Filter Include="Source\Framework\UI\Interfaces">
      <UniqueIdentifier>{52c0b071-3022-4086-a970-aefa45563909}</UniqueIdentifier>
    </Filter>
    <Filter Include="Source\Framework\OpenGL\std_image">
      <UniqueIdentifier>{64bb320b-58ca-4e55-bbaf-fbf41e21ee90}</UniqueIdentifier>
    </Filter>
    <Filter Include="Source\Framework\Sound">
      <UniqueIdentifier>{8b0601ca-29e5-46aa-9ac3-1be10f7c2c7b}</UniqueIdentifier>
    </Filter>
    <Filter Include="Resources / Dependencies\data\Sound">
      <UniqueIdentifier>{8250d1a2-8b4c-4371-8459-7bef94908104}</UniqueIdentifier>
    </Filter>
  </ItemGroup>
  <ItemGroup>
    <ClCompile Include="..\Source\Framework\OpenGL\Shader\Shader.cpp">
      <Filter>Source\Framework\OpenGL\Shader</Filter>
    </ClCompile>
    <ClCompile Include="..\Source\Framework\OpenGL\Shader\ShaderDisk.cpp">
      <Filter>Source\Framework\OpenGL\Shader</Filter>
    </ClCompile>
    <ClCompile Include="..\Source\Framework\OpenGL\Graphics.cpp">
      <Filter>Source\Framework\OpenGL</Filter>
    </ClCompile>
    <ClCompile Include="..\Source\Framework\Framework.cpp">
      <Filter>Source\Framework</Filter>
    </ClCompile>
    <ClCompile Include="..\Source\Framework\Window.cpp">
      <Filter>Source\Framework</Filter>
    </ClCompile>
    <ClCompile Include="..\Source\System\Input.cpp">
      <Filter>Source\System</Filter>
    </ClCompile>
    <ClCompile Include="..\Source\System\Log.cpp">
      <Filter>Source\System</Filter>
    </ClCompile>
    <ClCompile Include="..\Source\System\TextFileAppender.cpp">
      <Filter>Source\System</Filter>
    </ClCompile>
    <ClCompile Include="..\Source\main.cpp">
      <Filter>Source</Filter>
    </ClCompile>
    <ClCompile Include="..\Source\Framework\OpenGL\Drawing.cpp">
      <Filter>Source\Framework\OpenGL</Filter>
    </ClCompile>
    <ClCompile Include="..\Source\Framework\OpenGL\stb_image\stb_image.c">
      <Filter>Source\Framework\OpenGL\std_image</Filter>
    </ClCompile>
    <ClCompile Include="..\Source\Framework\OpenGL\Texture.cpp">
      <Filter>Source\Framework\OpenGL</Filter>
    </ClCompile>
    <ClCompile Include="..\Source\Framework\Sound\MusicFile.cpp">
      <Filter>Source\Framework\Sound</Filter>
    </ClCompile>
    <ClCompile Include="..\Source\Framework\Sound\Sound.cpp">
      <Filter>Source\Framework\Sound</Filter>
    </ClCompile>
  </ItemGroup>
  <ItemGroup>
    <ClInclude Include="..\Source\Framework\OpenGL\Shader\Shader.h">
      <Filter>Source\Framework\OpenGL\Shader</Filter>
    </ClInclude>
    <ClInclude Include="..\Source\Framework\OpenGL\Shader\ShaderDisk.h">
      <Filter>Source\Framework\OpenGL\Shader</Filter>
    </ClInclude>
    <ClInclude Include="..\Source\Framework\OpenGL\GLObject.h">
      <Filter>Source\Framework\OpenGL</Filter>
    </ClInclude>
    <ClInclude Include="..\Source\Framework\OpenGL\Graphics.h">
      <Filter>Source\Framework\OpenGL</Filter>
    </ClInclude>
    <ClInclude Include="..\Source\Framework\States\GameState.h">
      <Filter>Source\Framework\States</Filter>
    </ClInclude>
    <ClInclude Include="..\Source\Framework\States\StateMenu.h">
      <Filter>Source\Framework\States</Filter>
    </ClInclude>
    <ClInclude Include="..\Source\Framework\Color.h">
      <Filter>Source\Framework</Filter>
    </ClInclude>
    <ClInclude Include="..\Source\Framework\Framework.h">
      <Filter>Source\Framework</Filter>
    </ClInclude>
    <ClInclude Include="..\Source\Framework\Window.h">
      <Filter>Source\Framework</Filter>
    </ClInclude>
    <ClInclude Include="..\Source\System\Input.h">
      <Filter>Source\System</Filter>
    </ClInclude>
    <ClInclude Include="..\Source\System\Log.h">
      <Filter>Source\System</Filter>
    </ClInclude>
    <ClInclude Include="..\Source\System\System.h">
      <Filter>Source\System</Filter>
    </ClInclude>
    <ClInclude Include="..\Source\System\TextFileAppender.h">
      <Filter>Source\System</Filter>
    </ClInclude>
    <ClInclude Include="..\Source\Utility\Date.h">
      <Filter>Source\Utility</Filter>
    </ClInclude>
    <ClInclude Include="..\Source\Utility\Exception.h">
      <Filter>Source\Utility</Filter>
    </ClInclude>
    <ClInclude Include="..\Source\Utility\GL_Exception.h">
      <Filter>Source\Utility</Filter>
    </ClInclude>
    <ClInclude Include="..\Source\Utility\GLEW_Exception.h">
      <Filter>Source\Utility</Filter>
    </ClInclude>
    <ClInclude Include="..\Source\Utility\Mutex.h">
      <Filter>Source\Utility</Filter>
    </ClInclude>
    <ClInclude Include="..\Source\Utility\Point.h">
      <Filter>Source\Utility</Filter>
    </ClInclude>
    <ClInclude Include="..\Source\Utility\Rect.h">
      <Filter>Source\Utility</Filter>
    </ClInclude>
    <ClInclude Include="..\Source\Utility\SDL_Exception.h">
      <Filter>Source\Utility</Filter>
    </ClInclude>
    <ClInclude Include="..\Source\Utility\Thread.h">
      <Filter>Source\Utility</Filter>
    </ClInclude>
    <ClInclude Include="..\Source\Utility\Synchronization.h">
      <Filter>Source\Utility</Filter>
    </ClInclude>
    <ClInclude Include="..\Source\Utility\Timer.h">
      <Filter>Source\Utility</Filter>
    </ClInclude>
    <ClInclude Include="..\Source\Framework\OpenGL\IDrawable.h">
      <Filter>Source\Framework\OpenGL</Filter>
    </ClInclude>
    <ClInclude Include="..\Source\Framework\IMetrics.h">
      <Filter>Source\Framework</Filter>
    </ClInclude>
    <ClInclude Include="..\Source\Framework\OpenGL\Drawing.h">
      <Filter>Source\Framework\OpenGL</Filter>
    </ClInclude>
    <ClInclude Include="..\Source\Framework\UI\UIButton.h">
      <Filter>Source\Framework\UI</Filter>
    </ClInclude>
    <ClInclude Include="..\Source\Framework\UI\Interfaces\IClickable.h">
      <Filter>Source\Framework\UI\Interfaces</Filter>
    </ClInclude>
    <ClInclude Include="..\Source\Framework\UI\Interfaces\ILableable.h">
      <Filter>Source\Framework\UI\Interfaces</Filter>
    </ClInclude>
    <ClInclude Include="..\Source\Framework\OpenGL\Texture.h">
      <Filter>Source\Framework\OpenGL</Filter>
    </ClInclude>
    <ClInclude Include="..\Source\Framework\OpenGL\stb_image\stb_image.h">
      <Filter>Source\Framework\OpenGL\std_image</Filter>
    </ClInclude>
    <ClInclude Include="..\Source\Utility\Tools.h">
      <Filter>Source\Utility</Filter>
    </ClInclude>
    <ClInclude Include="..\Source\Framework\UI\Interfaces\IValueHolder.h">
      <Filter>Source\Framework\UI\Interfaces</Filter>
    </ClInclude>
    <ClInclude Include="..\Source\Framework\UI\Interfaces\IValueHolderSafe.h">
      <Filter>Source\Framework\UI\Interfaces</Filter>
    </ClInclude>
    <ClInclude Include="..\Source\Framework\Sound\Sound.h">
      <Filter>Source\Framework\Sound</Filter>
    </ClInclude>
    <ClInclude Include="..\Source\Framework\Sound\MusicFile.h">
      <Filter>Source\Framework\Sound</Filter>
    </ClInclude>
    <ClInclude Include="..\Source\Utility\MIX_Exception.h">
      <Filter>Source\Utility</Filter>
    </ClInclude>
  </ItemGroup>
  <ItemGroup>
    <None Include="glew32.dll">
      <Filter>Resources / Dependencies</Filter>
    </None>
    <None Include="SDL2.dll">
      <Filter>Resources / Dependencies</Filter>
    </None>
    <None Include="SDL2_mixer.dll">
      <Filter>Resources / Dependencies</Filter>
    </None>
    <None Include="SDL2_net.dll">
      <Filter>Resources / Dependencies</Filter>
    </None>
    <None Include="data\Shader\disk.frag">
      <Filter>Resources / Dependencies\data\Shader</Filter>
    </None>
    <None Include="data\Shader\disk.vert">
      <Filter>Resources / Dependencies\data\Shader</Filter>
    </None>
    <None Include="data\Sound\theme.ogg">
      <Filter>Resources / Dependencies\data\Sound</Filter>
    </None>
    <None Include="libFLAC-8.dll">
      <Filter>Resources / Dependencies</Filter>
    </None>
    <None Include="libmodplug-1.dll">
      <Filter>Resources / Dependencies</Filter>
    </None>
    <None Include="libogg-0.dll">
      <Filter>Resources / Dependencies</Filter>
    </None>
    <None Include="libvorbis-0.dll">
      <Filter>Resources / Dependencies</Filter>
    </None>
    <None Include="libvorbisfile-3.dll">
      <Filter>Resources / Dependencies</Filter>
    </None>
  </ItemGroup>
</Project>