<?xml version="1.0" encoding="utf-8"?>
<Project ToolsVersion="4.0" xmlns="http://schemas.microsoft.com/developer/msbuild/2003">
  <ItemGroup>
    <Filter Include="Source">
      <UniqueIdentifier>{4FC737F1-C7A5-4376-A066-2A32D752A2FF}</UniqueIdentifier>
      <Extensions>cpp;c;cc;cxx;def;odl;idl;hpj;bat;asm;asmx</Extensions>
    </Filter>
    <Filter Include="Source\Framework">
      <UniqueIdentifier>{68351922-ae0f-4a82-9082-ec8680a00949}</UniqueIdentifier>
    </Filter>
    <Filter Include="Source\Framework\OpenGL">
      <UniqueIdentifier>{fb8a95e6-4f64-46bb-868c-da0e6a47a878}</UniqueIdentifier>
    </Filter>
    <Filter Include="Source\Framework\OpenGL\Shader">
      <UniqueIdentifier>{6b2137c0-a733-4579-818b-7e1677c00405}</UniqueIdentifier>
    </Filter>
    <Filter Include="Source\Utility">
      <UniqueIdentifier>{bb9dec47-4492-4b8f-84f9-9820493bc5a3}</UniqueIdentifier>
    </Filter>
    <Filter Include="Source\System">
      <UniqueIdentifier>{2da7375d-f7d6-4351-8a22-bb0525bb5c6a}</UniqueIdentifier>
    </Filter>
    <Filter Include="Resources / Dependencies">
      <UniqueIdentifier>{7a17b06a-854c-4477-b379-9aaff8c182d3}</UniqueIdentifier>
    </Filter>
    <Filter Include="Resources / Dependencies\data">
      <UniqueIdentifier>{9a41c254-6c23-4d67-8b61-f3f56772254d}</UniqueIdentifier>
    </Filter>
    <Filter Include="Resources / Dependencies\data\Shader">
      <UniqueIdentifier>{9485aa82-a830-4b41-9f91-e05b9a3d18dc}</UniqueIdentifier>
    </Filter>
    <Filter Include="Source\Framework\UI">
      <UniqueIdentifier>{05cb3fea-bf68-4226-adc5-6129fc0ae4bc}</UniqueIdentifier>
    </Filter>
    <Filter Include="Source\Framework\UI\Interfaces">
      <UniqueIdentifier>{52c0b071-3022-4086-a970-aefa45563909}</UniqueIdentifier>
    </Filter>
    <Filter Include="Source\Framework\OpenGL\std_image">
      <UniqueIdentifier>{64bb320b-58ca-4e55-bbaf-fbf41e21ee90}</UniqueIdentifier>
    </Filter>
    <Filter Include="Source\Framework\Sound">
      <UniqueIdentifier>{8b0601ca-29e5-46aa-9ac3-1be10f7c2c7b}</UniqueIdentifier>
    </Filter>
    <Filter Include="Resources / Dependencies\data\Sound">
      <UniqueIdentifier>{8250d1a2-8b4c-4371-8459-7bef94908104}</UniqueIdentifier>
    </Filter>
    <Filter Include="Source\Framework\OpenGL\Geometry">
      <UniqueIdentifier>{ec5f0c76-30bd-44f3-87fe-53f110ae3f32}</UniqueIdentifier>
    </Filter>
    <Filter Include="Resources / Dependencies\data\Shader\light">
      <UniqueIdentifier>{004643df-53cb-4520-b04c-13e60c1aa7af}</UniqueIdentifier>
    </Filter>
    <Filter Include="Resources / Dependencies\data\Shader\uniforms">
      <UniqueIdentifier>{6d8b6ac9-e3e1-421d-ad9c-5cebc8913978}</UniqueIdentifier>
    </Filter>
    <Filter Include="Source\Game">
      <UniqueIdentifier>{4c9c9e10-17ab-4029-b35b-8fadc28a5b8d}</UniqueIdentifier>
    </Filter>
    <Filter Include="Source\Game\Client">
      <UniqueIdentifier>{28b15ee5-9f0f-45d2-a60e-8791f9d06c21}</UniqueIdentifier>
    </Filter>
    <Filter Include="Source\Game\Shared">
      <UniqueIdentifier>{6eddfa8b-e204-4dce-b600-e97d07dad649}</UniqueIdentifier>
    </Filter>
    <Filter Include="Source\Game\Server">
      <UniqueIdentifier>{19432183-b333-4407-aad7-efb7503c38c8}</UniqueIdentifier>
    </Filter>
    <Filter Include="Source\Game\Client\States">
      <UniqueIdentifier>{878ca0de-7aca-4f2a-b6e3-f50076121510}</UniqueIdentifier>
    </Filter>
    <Filter Include="Resources / Dependencies\data\Font">
      <UniqueIdentifier>{ae35859c-f929-40d7-b536-91413fac755c}</UniqueIdentifier>
    </Filter>
    <Filter Include="Source\System\Exceptions">
      <UniqueIdentifier>{ac887b3f-a08e-4c4b-b747-8bceb16a48cd}</UniqueIdentifier>
    </Filter>
  </ItemGroup>
  <ItemGroup>
    <ClCompile Include="..\Source\Framework\OpenGL\Shader\Shader.cpp">
      <Filter>Source\Framework\OpenGL\Shader</Filter>
    </ClCompile>
    <ClCompile Include="..\Source\Framework\OpenGL\Shader\ShaderDisk.cpp">
      <Filter>Source\Framework\OpenGL\Shader</Filter>
    </ClCompile>
    <ClCompile Include="..\Source\Framework\OpenGL\Graphics.cpp">
      <Filter>Source\Framework\OpenGL</Filter>
    </ClCompile>
    <ClCompile Include="..\Source\Framework\Framework.cpp">
      <Filter>Source\Framework</Filter>
    </ClCompile>
    <ClCompile Include="..\Source\Framework\Window.cpp">
      <Filter>Source\Framework</Filter>
    </ClCompile>
    <ClCompile Include="..\Source\System\Input.cpp">
      <Filter>Source\System</Filter>
    </ClCompile>
    <ClCompile Include="..\Source\System\Log.cpp">
      <Filter>Source\System</Filter>
    </ClCompile>
    <ClCompile Include="..\Source\System\TextFileAppender.cpp">
      <Filter>Source\System</Filter>
    </ClCompile>
    <ClCompile Include="..\Source\main.cpp">
      <Filter>Source</Filter>
    </ClCompile>
    <ClCompile Include="..\Source\Framework\OpenGL\Drawing.cpp">
      <Filter>Source\Framework\OpenGL</Filter>
    </ClCompile>
    <ClCompile Include="..\Source\Framework\OpenGL\stb_image\stb_image.c">
      <Filter>Source\Framework\OpenGL\std_image</Filter>
    </ClCompile>
    <ClCompile Include="..\Source\Framework\OpenGL\Texture.cpp">
      <Filter>Source\Framework\OpenGL</Filter>
    </ClCompile>
    <ClCompile Include="..\Source\Framework\Sound\MusicFile.cpp">
      <Filter>Source\Framework\Sound</Filter>
    </ClCompile>
    <ClCompile Include="..\Source\Framework\Sound\Sound.cpp">
      <Filter>Source\Framework\Sound</Filter>
    </ClCompile>
    <ClCompile Include="..\Source\Framework\OpenGL\Font.cpp">
      <Filter>Source\Framework\OpenGL</Filter>
    </ClCompile>
    <ClCompile Include="..\Source\Framework\OpenGL\Geometry\Mesh.cpp">
      <Filter>Source\Framework\OpenGL\Geometry</Filter>
    </ClCompile>
    <ClCompile Include="..\Source\Framework\OpenGL\Geometry\MeshCube.cpp">
      <Filter>Source\Framework\OpenGL\Geometry</Filter>
    </ClCompile>
    <ClCompile Include="..\Source\Framework\OpenGL\Shader\UniformBlock.cpp">
      <Filter>Source\Framework\OpenGL\Shader</Filter>
    </ClCompile>
    <ClCompile Include="..\Source\Framework\OpenGL\Shader\UniformBlockTransforms.cpp">
      <Filter>Source\Framework\OpenGL\Shader</Filter>
    </ClCompile>
    <ClCompile Include="..\Source\Framework\OpenGL\FramebufferObject.cpp">
      <Filter>Source\Framework\OpenGL</Filter>
    </ClCompile>
    <ClCompile Include="..\Source\Framework\OpenGL\FramebufferObject.h">
      <Filter>Source\Framework\OpenGL</Filter>
    </ClCompile>
    <ClCompile Include="..\Source\Game\Shared\Cube.cpp">
      <Filter>Source\Game\Shared</Filter>
    </ClCompile>
    <ClCompile Include="..\Source\Game\Shared\Map.cpp">
      <Filter>Source\Game\Shared</Filter>
    </ClCompile>
    <ClCompile Include="..\Source\Game\Shared\Game.cpp">
      <Filter>Source\Game\Shared</Filter>
    </ClCompile>
    <ClCompile Include="..\Source\Game\Shared\CharNode.cpp">
      <Filter>Source\Game\Shared</Filter>
    </ClCompile>
    <ClCompile Include="..\Source\Framework\OpenGL\Camera.cpp">
      <Filter>Source\Framework\OpenGL</Filter>
    </ClCompile>
    <ClCompile Include="..\Source\Framework\OpenGL\VolumeTextureMap.cpp">
      <Filter>Source\Framework\OpenGL</Filter>
    </ClCompile>
    <ClCompile Include="..\Source\Framework\OpenGL\Shader\UniformBlockLight.cpp">
      <Filter>Source\Framework\OpenGL\Shader</Filter>
    </ClCompile>
    <ClCompile Include="..\Source\Framework\OpenGL\Shader\UniformBlockMapInfo.cpp">
      <Filter>Source\Framework\OpenGL\Shader</Filter>
    </ClCompile>
    <ClCompile Include="..\Source\Framework\OpenGL\Shader\UniformBlockMaterial.cpp">
      <Filter>Source\Framework\OpenGL\Shader</Filter>
    </ClCompile>
    <ClCompile Include="..\Source\Game\Client\LightManager.cpp">
      <Filter>Source\Game\Client</Filter>
    </ClCompile>
    <ClCompile Include="..\Source\Framework\OpenGL\Shader\UniformBlockFramework.cpp">
      <Filter>Source\Framework\OpenGL\Shader</Filter>
    </ClCompile>
    <ClCompile Include="..\Source\Framework\OpenGL\Shader\ShaderButton.cpp">
      <Filter>Source\Framework\OpenGL\Shader</Filter>
    </ClCompile>
    <ClCompile Include="..\Source\Framework\OpenGL\Shader\ShaderHSVPicker.cpp">
      <Filter>Source\Framework\OpenGL\Shader</Filter>
    </ClCompile>
    <ClCompile Include="..\Source\Framework\OpenGL\Shader\ShaderColor.cpp">
      <Filter>Source\Framework\OpenGL\Shader</Filter>
    </ClCompile>
    <ClCompile Include="..\Source\Game\Client\GameEditor.cpp">
      <Filter>Source\Game\Client</Filter>
    </ClCompile>
    <ClCompile Include="..\Source\System\System.cpp">
      <Filter>Source\System</Filter>
    </ClCompile>
    <ClCompile Include="..\Source\Framework\OpenGL\Shader\ShaderCubeMap.cpp">
      <Filter>Source\Framework\OpenGL\Shader</Filter>
    </ClCompile>
    <ClCompile Include="..\Source\Framework\OpenGL\Shader\ShaderCube.cpp">
      <Filter>Source\Framework\OpenGL\Shader</Filter>
    </ClCompile>
  </ItemGroup>
  <ItemGroup>
    <ClInclude Include="..\Source\Framework\OpenGL\Shader\Shader.h">
      <Filter>Source\Framework\OpenGL\Shader</Filter>
    </ClInclude>
    <ClInclude Include="..\Source\Framework\OpenGL\Shader\ShaderDisk.h">
      <Filter>Source\Framework\OpenGL\Shader</Filter>
    </ClInclude>
    <ClInclude Include="..\Source\Framework\OpenGL\GLObject.h">
      <Filter>Source\Framework\OpenGL</Filter>
    </ClInclude>
    <ClInclude Include="..\Source\Framework\OpenGL\Graphics.h">
      <Filter>Source\Framework\OpenGL</Filter>
    </ClInclude>
    <ClInclude Include="..\Source\Framework\Color.h">
      <Filter>Source\Framework</Filter>
    </ClInclude>
    <ClInclude Include="..\Source\Framework\Framework.h">
      <Filter>Source\Framework</Filter>
    </ClInclude>
    <ClInclude Include="..\Source\Framework\Window.h">
      <Filter>Source\Framework</Filter>
    </ClInclude>
    <ClInclude Include="..\Source\System\Input.h">
      <Filter>Source\System</Filter>
    </ClInclude>
    <ClInclude Include="..\Source\System\Log.h">
      <Filter>Source\System</Filter>
    </ClInclude>
    <ClInclude Include="..\Source\System\System.h">
      <Filter>Source\System</Filter>
    </ClInclude>
    <ClInclude Include="..\Source\System\TextFileAppender.h">
      <Filter>Source\System</Filter>
    </ClInclude>
    <ClInclude Include="..\Source\Utility\Date.h">
      <Filter>Source\Utility</Filter>
    </ClInclude>
    <ClInclude Include="..\Source\Utility\Mutex.h">
      <Filter>Source\Utility</Filter>
    </ClInclude>
    <ClInclude Include="..\Source\Utility\Point.h">
      <Filter>Source\Utility</Filter>
    </ClInclude>
    <ClInclude Include="..\Source\Utility\Rect.h">
      <Filter>Source\Utility</Filter>
    </ClInclude>
    <ClInclude Include="..\Source\Utility\Thread.h">
      <Filter>Source\Utility</Filter>
    </ClInclude>
    <ClInclude Include="..\Source\Utility\Timer.h">
      <Filter>Source\Utility</Filter>
    </ClInclude>
    <ClInclude Include="..\Source\Framework\OpenGL\IDrawable.h">
      <Filter>Source\Framework\OpenGL</Filter>
    </ClInclude>
    <ClInclude Include="..\Source\Framework\OpenGL\Drawing.h">
      <Filter>Source\Framework\OpenGL</Filter>
    </ClInclude>
    <ClInclude Include="..\Source\Framework\UI\UIButton.h">
      <Filter>Source\Framework\UI</Filter>
    </ClInclude>
    <ClInclude Include="..\Source\Framework\UI\Interfaces\IClickable.h">
      <Filter>Source\Framework\UI\Interfaces</Filter>
    </ClInclude>
    <ClInclude Include="..\Source\Framework\OpenGL\Texture.h">
      <Filter>Source\Framework\OpenGL</Filter>
    </ClInclude>
    <ClInclude Include="..\Source\Framework\OpenGL\stb_image\stb_image.h">
      <Filter>Source\Framework\OpenGL\std_image</Filter>
    </ClInclude>
    <ClInclude Include="..\Source\Utility\Tools.h">
      <Filter>Source\Utility</Filter>
    </ClInclude>
    <ClInclude Include="..\Source\Framework\UI\Interfaces\IValueHolder.h">
      <Filter>Source\Framework\UI\Interfaces</Filter>
    </ClInclude>
    <ClInclude Include="..\Source\Framework\UI\Interfaces\IValueHolderSafe.h">
      <Filter>Source\Framework\UI\Interfaces</Filter>
    </ClInclude>
    <ClInclude Include="..\Source\Framework\Sound\Sound.h">
      <Filter>Source\Framework\Sound</Filter>
    </ClInclude>
    <ClInclude Include="..\Source\Framework\Sound\MusicFile.h">
      <Filter>Source\Framework\Sound</Filter>
    </ClInclude>
    <ClInclude Include="..\Source\Utility\Condition.h">
      <Filter>Source\Utility</Filter>
    </ClInclude>
    <ClInclude Include="..\Source\Framework\OpenGL\Font.h">
      <Filter>Source\Framework\OpenGL</Filter>
    </ClInclude>
    <ClInclude Include="..\Source\Framework\OpenGL\Geometry\Mesh.h">
      <Filter>Source\Framework\OpenGL\Geometry</Filter>
    </ClInclude>
    <ClInclude Include="..\Source\Framework\OpenGL\Geometry\MeshCube.h">
      <Filter>Source\Framework\OpenGL\Geometry</Filter>
    </ClInclude>
    <ClInclude Include="..\Source\Framework\OpenGL\Shader\UniformBlock.h">
      <Filter>Source\Framework\OpenGL\Shader</Filter>
    </ClInclude>
    <ClInclude Include="..\Source\Framework\OpenGL\Shader\UniformBlockTransforms.h">
      <Filter>Source\Framework\OpenGL\Shader</Filter>
    </ClInclude>
    <ClInclude Include="..\Source\Framework\GameState.h">
      <Filter>Source\Framework</Filter>
    </ClInclude>
    <ClInclude Include="..\Source\Game\Client\States\StateMenu.h">
      <Filter>Source\Game\Client\States</Filter>
    </ClInclude>
    <ClInclude Include="..\Source\Game\Shared\Cube.h">
      <Filter>Source\Game\Shared</Filter>
    </ClInclude>
    <ClInclude Include="..\Source\Game\Shared\CubeDesc.h">
      <Filter>Source\Game\Shared</Filter>
    </ClInclude>
    <ClInclude Include="..\Source\Game\Shared\Game.h">
      <Filter>Source\Game\Shared</Filter>
    </ClInclude>
    <ClInclude Include="..\Source\Game\Shared\Map.h">
      <Filter>Source\Game\Shared</Filter>
    </ClInclude>
    <ClInclude Include="..\Source\Game\Client\States\StateGame.h">
      <Filter>Source\Game\Client\States</Filter>
    </ClInclude>
    <ClInclude Include="resource.h">
      <Filter>Resources / Dependencies</Filter>
    </ClInclude>
    <ClInclude Include="..\Source\System\Exceptions\Exception.h">
      <Filter>Source\System\Exceptions</Filter>
    </ClInclude>
    <ClInclude Include="..\Source\System\Exceptions\GL_Exception.h">
      <Filter>Source\System\Exceptions</Filter>
    </ClInclude>
    <ClInclude Include="..\Source\System\Exceptions\GLEW_Exception.h">
      <Filter>Source\System\Exceptions</Filter>
    </ClInclude>
    <ClInclude Include="..\Source\System\Exceptions\MIX_Exception.h">
      <Filter>Source\System\Exceptions</Filter>
    </ClInclude>
    <ClInclude Include="..\Source\System\Exceptions\SDL_Exception.h">
      <Filter>Source\System\Exceptions</Filter>
    </ClInclude>
    <ClInclude Include="..\Source\System\Exceptions\ExceptionMissingFile.h">
      <Filter>Source\System\Exceptions</Filter>
    </ClInclude>
    <ClInclude Include="..\Source\System\Exceptions\ExceptionInvalidFile.h">
      <Filter>Source\System\Exceptions</Filter>
    </ClInclude>
    <ClInclude Include="..\Source\Utility\Point3.h">
      <Filter>Source\Utility</Filter>
    </ClInclude>
    <ClInclude Include="..\Source\Framework\UI\Interfaces\IMetrics.h">
      <Filter>Source\Framework\UI\Interfaces</Filter>
    </ClInclude>
    <ClInclude Include="..\Source\Framework\OpenGL\Camera.h">
      <Filter>Source\Framework\OpenGL</Filter>
    </ClInclude>
    <ClInclude Include="..\Source\Game\Shared\CharNode.h">
      <Filter>Source\Game\Shared</Filter>
    </ClInclude>
    <ClInclude Include="..\Source\Framework\OpenGL\VolumeTextureMap.h">
      <Filter>Source\Framework\OpenGL</Filter>
    </ClInclude>
    <ClInclude Include="..\Source\Framework\OpenGL\Shader\UniformBlockMaterial.h">
      <Filter>Source\Framework\OpenGL\Shader</Filter>
    </ClInclude>
    <ClInclude Include="..\Source\Framework\OpenGL\Shader\UniformBlockLight.h">
      <Filter>Source\Framework\OpenGL\Shader</Filter>
    </ClInclude>
    <ClInclude Include="..\Source\Game\Client\LightManager.h">
      <Filter>Source\Game\Client</Filter>
    </ClInclude>
    <ClInclude Include="..\Source\Framework\OpenGL\Shader\UniformBlockMapInfo.h">
      <Filter>Source\Framework\OpenGL\Shader</Filter>
    </ClInclude>
    <ClInclude Include="..\Source\Framework\OpenGL\Shader\UniformBlockFramework.h">
      <Filter>Source\Framework\OpenGL\Shader</Filter>
    </ClInclude>
    <ClInclude Include="..\Source\Framework\UI\UIObject.h">
      <Filter>Source\Framework\UI</Filter>
    </ClInclude>
    <ClInclude Include="..\Source\Framework\UI\UIInputField.h">
      <Filter>Source\Framework\UI</Filter>
    </ClInclude>
    <ClInclude Include="..\Source\Framework\UI\UIButtonText.h">
      <Filter>Source\Framework\UI</Filter>
    </ClInclude>
    <ClInclude Include="..\Source\Framework\UI\Interfaces\ISelectable.h">
      <Filter>Source\Framework\UI\Interfaces</Filter>
    </ClInclude>
    <ClInclude Include="..\Source\Framework\OpenGL\Shader\ShaderButton.h">
      <Filter>Source\Framework\OpenGL\Shader</Filter>
    </ClInclude>
    <ClInclude Include="..\Source\Framework\OpenGL\Shader\ShaderHSVPicker.h">
      <Filter>Source\Framework\OpenGL\Shader</Filter>
    </ClInclude>
    <ClInclude Include="..\Source\Framework\UI\UILabel.h">
      <Filter>Source\Framework\UI</Filter>
    </ClInclude>
    <ClInclude Include="..\Source\Framework\UI\Interfaces\ILabelable.h">
      <Filter>Source\Framework\UI\Interfaces</Filter>
    </ClInclude>
    <ClInclude Include="..\Source\Game\Client\States\StateEditor.h">
      <Filter>Source\Game\Client\States</Filter>
    </ClInclude>
    <ClInclude Include="..\Source\Framework\UI\UIWindow.h">
      <Filter>Source\Framework\UI</Filter>
    </ClInclude>
    <ClInclude Include="..\Source\Framework\UI\UIDialog.h">
      <Filter>Source\Framework\UI</Filter>
    </ClInclude>
    <ClInclude Include="..\Source\Game\Client\States\StateDev.h">
      <Filter>Source\Game\Client\States</Filter>
    </ClInclude>
    <ClInclude Include="..\Source\Framework\UI\UIDialogColorPicker.h">
      <Filter>Source\Framework\UI</Filter>
    </ClInclude>
    <ClInclude Include="..\Source\System\Exceptions\ExceptionInvalidOperation.h">
      <Filter>Source\System\Exceptions</Filter>
    </ClInclude>
    <ClInclude Include="..\Source\System\Exceptions\ExceptionArgument.h">
      <Filter>Source\System\Exceptions</Filter>
    </ClInclude>
    <ClInclude Include="..\Source\Framework\OpenGL\Shader\ShaderColor.h">
      <Filter>Source\Framework\OpenGL\Shader</Filter>
    </ClInclude>
    <ClInclude Include="..\Source\Framework\OpenGL\Shader\ShaderColor2.h">
      <Filter>Source\Framework\OpenGL\Shader</Filter>
    </ClInclude>
    <ClInclude Include="..\Source\Framework\UI\UIContainer.h">
      <Filter>Source\Framework\UI</Filter>
    </ClInclude>
    <ClInclude Include="..\Source\Framework\UI\UIContainerDraggable.h">
      <Filter>Source\Framework\UI</Filter>
    </ClInclude>
    <ClInclude Include="..\Source\Framework\UI\UIMessageBox.h">
      <Filter>Source\Framework\UI</Filter>
    </ClInclude>
    <ClInclude Include="..\Source\Game\Client\GameEditor.h">
      <Filter>Source\Game\Client</Filter>
    </ClInclude>
    <ClInclude Include="..\Source\Game\Shared\Character.h">
      <Filter>Source\Game\Shared</Filter>
    </ClInclude>
    <ClInclude Include="..\Source\Framework\UI\UITextBox.h">
      <Filter>Source\Framework\UI</Filter>
    </ClInclude>
    <ClInclude Include="..\Source\Framework\UI\UIItemLister.h">
      <Filter>Source\Framework\UI</Filter>
    </ClInclude>
    <ClInclude Include="..\Source\Framework\OpenGL\Shader\ShaderCubeMap.h">
      <Filter>Source\Framework\OpenGL\Shader</Filter>
    </ClInclude>
    <ClInclude Include="..\Source\Framework\OpenGL\Shader\ShaderCube.h">
      <Filter>Source\Framework\OpenGL\Shader</Filter>
    </ClInclude>
  </ItemGroup>
  <ItemGroup>
    <None Include="glew32.dll">
      <Filter>Resources / Dependencies</Filter>
    </None>
    <None Include="SDL2.dll">
      <Filter>Resources / Dependencies</Filter>
    </None>
    <None Include="SDL2_mixer.dll">
      <Filter>Resources / Dependencies</Filter>
    </None>
    <None Include="SDL2_net.dll">
      <Filter>Resources / Dependencies</Filter>
    </None>
    <None Include="data\Shader\disk.frag">
      <Filter>Resources / Dependencies\data\Shader</Filter>
    </None>
    <None Include="data\Shader\disk.vert">
      <Filter>Resources / Dependencies\data\Shader</Filter>
    </None>
    <None Include="data\Sound\theme.ogg">
      <Filter>Resources / Dependencies\data\Sound</Filter>
    </None>
    <None Include="libFLAC-8.dll">
      <Filter>Resources / Dependencies</Filter>
    </None>
    <None Include="libmodplug-1.dll">
      <Filter>Resources / Dependencies</Filter>
    </None>
    <None Include="libogg-0.dll">
      <Filter>Resources / Dependencies</Filter>
    </None>
    <None Include="libvorbis-0.dll">
      <Filter>Resources / Dependencies</Filter>
    </None>
    <None Include="libvorbisfile-3.dll">
      <Filter>Resources / Dependencies</Filter>
    </None>
    <None Include="zlib1.dll">
      <Filter>Resources / Dependencies</Filter>
    </None>
    <None Include="data\Shader\button.frag">
      <Filter>Resources / Dependencies\data\Shader</Filter>
    </None>
    <None Include="data\Shader\button.vert">
      <Filter>Resources / Dependencies\data\Shader</Filter>
    </None>
    <None Include="data\Shader\cube.frag">
      <Filter>Resources / Dependencies\data\Shader</Filter>
    </None>
    <None Include="data\Shader\cube.vert">
      <Filter>Resources / Dependencies\data\Shader</Filter>
    </None>
    <None Include="data\Shader\text.frag">
      <Filter>Resources / Dependencies\data\Shader</Filter>
    </None>
    <None Include="data\Shader\text.vert">
      <Filter>Resources / Dependencies\data\Shader</Filter>
    </None>
    <None Include="data\Shader\light\bump.glsl">
      <Filter>Resources / Dependencies\data\Shader\light</Filter>
    </None>
    <None Include="data\Shader\uniforms\Transforms.glsl">
      <Filter>Resources / Dependencies\data\Shader\uniforms</Filter>
    </None>
    <None Include="data\Shader\uniforms\Lights.glsl">
      <Filter>Resources / Dependencies\data\Shader\uniforms</Filter>
    </None>
    <None Include="data\Shader\uniforms\Material.glsl">
      <Filter>Resources / Dependencies\data\Shader\uniforms</Filter>
    </None>
    <None Include="data\Shader\light\BlockRenderer.glsl">
      <Filter>Resources / Dependencies\data\Shader\light</Filter>
    </None>
    <None Include="data\Font\licence-1001fonts">
      <Filter>Resources / Dependencies\data\Font</Filter>
    </None>
    <None Include="data\Font\licence-devinne-swash">
      <Filter>Resources / Dependencies\data\Font</Filter>
    </None>
    <None Include="data\Font\licence-domesticManners">
      <Filter>Resources / Dependencies\data\Font</Filter>
    </None>
    <None Include="data\Font\licence-ironLatch">
      <Filter>Resources / Dependencies\data\Font</Filter>
    </None>
    <None Include="data\Shader\hsvPicker.frag">
      <Filter>Resources / Dependencies\data\Shader</Filter>
    </None>
    <None Include="data\Shader\hsvPicker.vert">
      <Filter>Resources / Dependencies\data\Shader</Filter>
    </None>
    <None Include="data\Shader\light\gamma.glsl">
      <Filter>Resources / Dependencies\data\Shader\light</Filter>
    </None>
    <None Include="data\Shader\uniforms\Framework.glsl">
      <Filter>Resources / Dependencies\data\Shader\uniforms</Filter>
    </None>
    <None Include="data\Shader\uniforms\MapInfo.glsl">
      <Filter>Resources / Dependencies\data\Shader\uniforms</Filter>
    </None>
  </ItemGroup>
  <ItemGroup>
    <Manifest Include="app.manifest">
      <Filter>Resources / Dependencies</Filter>
    </Manifest>
  </ItemGroup>
  <ItemGroup>
    <ResourceCompile Include="app.rc">
      <Filter>Resources / Dependencies</Filter>
    </ResourceCompile>
  </ItemGroup>
  <ItemGroup>
    <Font Include="data\Font\DevinneSwash.ttf">
      <Filter>Resources / Dependencies\data\Font</Filter>
    </Font>
    <Font Include="data\Font\Domestic_Manners.ttf">
      <Filter>Resources / Dependencies\data\Font</Filter>
    </Font>
    <Font Include="data\Font\Iron_Latch.ttf">
      <Filter>Resources / Dependencies\data\Font</Filter>
    </Font>
  </ItemGroup>
</Project>